using System.Data;
using System.Transactions;
using System.Xml.Linq;

namespace ConsoleApp7
{
    public struct employee
    {

        private int id;
        private string SecurityLevel;
        private int Salary;
        private HireDate date;
        private Char Gender;

        public employee()
        {
            id = default;
            SecurityLevel = string.Empty;
            Salary = 0;
            Gender = Char.MinValue;
            date = new HireDate();

        }
        public void SetGender(Char g)
        {
            while (g != 'F' && g != 'M')
            {
                Console.WriteLine("Please enter a value within 'F' for Female or 'M' for Male.");
                g = char.Parse(Console.ReadLine()); 
            }
            Gender = g;
        }
        public void setId(int i) { id = i; }
        public int getId() { return id; }
        public void setSalary(int s) { Salary = s; }
        public int getSalary() { return Salary; }
        public void setSecurity(string l) { SecurityLevel = l; }
        public string getSecurity() { return SecurityLevel; }
        public void SetDate (int dy , int m , int y) 
        { 
          date.SetDay(dy);
          date.SetMonth(m);
          date.SetYear(y);
        }
        public void getDate() 
        {
            date.display();
        }
        public void DisplayEm()
        {
            Console.WriteLine($"ID: {id}");
            Console.WriteLine($"Security Level: {SecurityLevel}");
            Console.WriteLine($"Salary: {Salary:c}");
            date.display();  // Display the hire date
            Console.WriteLine($"Gender: {Gender}");
        }



    }

                      //Hire Date Structure

        public struct HireDate
        {
            private int day;
            private int month;
            private int year;
            public HireDate()
            {
                day = default;
                month = default;
                year = default;

            }
            public void SetDay(int d) 
            {
              while (d <1 || d > 31)
               {
                 Console.WriteLine("Please enter a value within 1 to 31 fot the Day.");
                 d = int.Parse(Console.ReadLine());  
               }
               day = d;  
            }
            public void SetMonth(int m)
            {
              while (m < 1 || m > 12)
               {
                Console.WriteLine("Please enter a value within 1 to 12 for the Month.");
                m= int.Parse(Console.ReadLine());
               }
                month = m;
            }
            public void SetYear(int y) 
            {
                int current = DateTime.Now.Year;  // Get the current year

                while (y < 1900 || y > current)
            {
                Console.WriteLine($"Please enter a valid year between 1900 and {current}.");
                y = int.Parse(Console.ReadLine());  
            }
                year = y;
            }
            public int getDay() { return day; }
            public int getMonth() { return month; }
            public int getYear() { return year; }

            public void display ()
            {
                Console.WriteLine($"Hire Date: {day}/{month}/{year}");
            }
        }
                           //main

            internal class Program
            {
                static void Main(string[] args)
                {
                   employee[] Arr = new employee[3];
                   for (int i = 0; i < 3; i++)
                   {
                     Console.WriteLine($" Enter the info for the employee {i+1}:");
                     Console.Write("Enter Employee ID: ");
                     int id = int.Parse(Console.ReadLine());
                     Arr[i].setId(id);

                    Console.Write("Enter Employee Gender ( F for Female and M for Male : ");
                    Char Gender =char.Parse(Console.ReadLine());
                    Arr[i].SetGender(Gender);


                     Console.Write("Enter Employee Security Level: ");
                     string Level = Console.ReadLine();
                     Arr[i].setSecurity(Level);

                     Console.Write("Enter Salary: ");
                     int salary = int.Parse(Console.ReadLine());
                     Arr[i].setSalary(salary);

                //set hiredate 
                     Console.WriteLine("Enter Hiring Date:");
                     Console.Write("Day: ");
                     int day = int.Parse(Console.ReadLine());
                     Console.Write("Month: ");
                     int month = int.Parse(Console.ReadLine());
                     Console.Write("Year: ");
                     int year = int.Parse(Console.ReadLine());
                     Arr[i].SetDate(day,month,year);




                   }
                     Console.WriteLine("Here are the data of the employees:");
                     for (int i = 0; i < 3; i++)
                     {
                      Arr[i].DisplayEm();
                     }


        }

              //  static void print(string message) { }
            }
        
}

